
Microsoft Visual Studio Solution File, Format Version 12.00
# Visual Studio Version 17
VisualStudioVersion = 17.7.34221.43
MinimumVisualStudioVersion = 10.0.40219.1
Project("{FAE04EC0-301F-11D3-BF4B-00C04F79EFBC}") = "Lab12", "Lab12\Lab12.csproj", "{72EDD9B9-AA16-45AF-ACFD-EEA8E2CEFF01}"
EndProject
Global
	GlobalSection(SolutionConfigurationPlatforms) = preSolution
		Debug|Any CPU = Debug|Any CPU
		Release|Any CPU = Release|Any CPU
	EndGlobalSection
	GlobalSection(ProjectConfigurationPlatforms) = postSolution
		{72EDD9B9-AA16-45AF-ACFD-EEA8E2CEFF01}.Debug|Any CPU.ActiveCfg = Debug|Any CPU
		{72EDD9B9-AA16-45AF-ACFD-EEA8E2CEFF01}.Debug|Any CPU.Build.0 = Debug|Any CPU
		{72EDD9B9-AA16-45AF-ACFD-EEA8E2CEFF01}.Release|Any CPU.ActiveCfg = Release|Any CPU
		{72EDD9B9-AA16-45AF-ACFD-EEA8E2CEFF01}.Release|Any CPU.Build.0 = Release|Any CPU
	EndGlobalSection
	GlobalSection(SolutionProperties) = preSolution
		HideSolutionNode = FALSE
	EndGlobalSection
	GlobalSection(ExtensibilityGlobals) = postSolution
		SolutionGuid = {D62AD535-4F5E-4124-BEE1-76DC1EE353D9}
	EndGlobalSection
EndGlobal
